<?xml version="1.0" encoding="utf-8"?>
<Project ToolsVersion="4.0" xmlns="http://schemas.microsoft.com/developer/msbuild/2003">
  <ItemGroup>
    <ClCompile Include="Program.cpp" />
    <ClCompile Include="RenderingGame.cpp" />
    <ClCompile Include="DeferredRenderingDemo.cpp" />
    <ClCompile Include="GBufferPass.cpp">
      <Filter>ShaderPrograms</Filter>
    </ClCompile>
    <ClCompile Include="PointLightPass.cpp">
      <Filter>ShaderPrograms</Filter>
    </ClCompile>
    <ClCompile Include="DirectionalLightPass.cpp">
      <Filter>ShaderPrograms</Filter>
    </ClCompile>
  </ItemGroup>
  <ItemGroup>
    <ClInclude Include="RenderingGame.h" />
    <ClInclude Include="DeferredRenderingDemo.h" />
    <ClInclude Include="GBufferPass.h">
      <Filter>ShaderPrograms</Filter>
    </ClInclude>
    <ClInclude Include="PointLightPass.h">
      <Filter>ShaderPrograms</Filter>
    </ClInclude>
    <ClInclude Include="DirectionalLightPass.h">
      <Filter>ShaderPrograms</Filter>
    </ClInclude>
  </ItemGroup>
  <ItemGroup>
    <None Include="Content\Shaders\GBuffer.frag">
      <Filter>Content\Shaders</Filter>
    </None>
    <None Include="Content\Shaders\GBuffer.vert">
      <Filter>Content\Shaders</Filter>
    </None>
    <None Include="Content\Shaders\DebugShader.vert">
      <Filter>Content\Shaders</Filter>
    </None>
    <None Include="Content\Shaders\DebugShader.frag">
      <Filter>Content\Shaders</Filter>
    </None>
    <None Include="Content\Shaders\PointLightPass.frag">
      <Filter>Content\Shaders</Filter>
    </None>
    <None Include="Content\Shaders\DirectionalLightPass.frag">
      <Filter>Content\Shaders</Filter>
    </None>
    <None Include="Content\Shaders\PointLightPass.vert">
      <Filter>Content\Shaders</Filter>
    </None>
    <None Include="Content\Shaders\DirectionalLightPass.vert">
      <Filter>Content\Shaders</Filter>
    </None>
  </ItemGroup>
  <ItemGroup>
    <Filter Include="Content">
      <UniqueIdentifier>{0a6adb76-ca76-47f8-a4c4-45f44493cf39}</UniqueIdentifier>
    </Filter>
    <Filter Include="Content\Shaders">
      <UniqueIdentifier>{5b993d0e-0fb4-429a-8779-f8e70863347e}</UniqueIdentifier>
    </Filter>
    <Filter Include="ShaderPrograms">
      <UniqueIdentifier>{0b8013c1-8d69-494a-ad91-61bd52cd7542}</UniqueIdentifier>
    </Filter>
  </ItemGroup>
</Project>