<?xml version="1.0" encoding="utf-8"?>
<Project ToolsVersion="4.0" xmlns="http://schemas.microsoft.com/developer/msbuild/2003">
  <ItemGroup>
    <Image Include="Content\Textures\fountainBaseColor.png">
      <Filter>Content\Textures</Filter>
    </Image>
    <Image Include="Content\Textures\fountainEmissive.png">
      <Filter>Content\Textures</Filter>
    </Image>
    <Image Include="Content\Textures\fountainNormal.png">
      <Filter>Content\Textures</Filter>
    </Image>
    <Image Include="Content\Textures\fountainOcclusionRoughnessMetallic.png">
      <Filter>Content\Textures</Filter>
    </Image>
  </ItemGroup>
  <ItemGroup>
    <Filter Include="Content">
      <UniqueIdentifier>{90b08b16-20c7-4ec9-83f3-579267d01ed3}</UniqueIdentifier>
    </Filter>
    <Filter Include="Content\Textures">
      <UniqueIdentifier>{6e22a705-c881-45cb-a5bc-2c273105caef}</UniqueIdentifier>
    </Filter>
    <Filter Include="Content\Models">
      <UniqueIdentifier>{8e09e7b9-8af5-4a13-bcf6-18db183fbf5f}</UniqueIdentifier>
    </Filter>
    <Filter Include="Content\Shaders">
      <UniqueIdentifier>{a7f0278b-9f28-436f-8316-ac15b6cf9efb}</UniqueIdentifier>
    </Filter>
  </ItemGroup>
  <ItemGroup>
    <None Include="Content\Models\fountain2.obj">
      <Filter>Content\Models</Filter>
    </None>
    <None Include="Content\Shaders\ShadowMapping.frag">
      <Filter>Content\Shaders</Filter>
    </None>
    <None Include="Content\Shaders\ShadowMapping.vert">
      <Filter>Content\Shaders</Filter>
    </None>
    <None Include="Content\Shaders\Skybox.frag" />
    <None Include="Content\Shaders\Skybox.vert" />
    <None Include="Content\Models\Sphere.obj" />
    <None Include="Content\Shaders\ScreenShader.vert" />
    <None Include="Content\Shaders\ScreenShader.frag" />
  </ItemGroup>
  <ItemGroup>
    <ClCompile Include="Program.cpp" />
    <ClCompile Include="RenderingGame.cpp" />
    <ClCompile Include="pch.cpp" />
  </ItemGroup>
  <ItemGroup>
    <ClInclude Include="RenderingGame.h" />
    <ClInclude Include="pch.h" />
  </ItemGroup>
</Project>