<?xml version="1.0" encoding="utf-8"?>
<Project ToolsVersion="4.0" xmlns="http://schemas.microsoft.com/developer/msbuild/2003">
  <ItemGroup>
    <ClCompile Include="Program.cpp" />
    <ClCompile Include="RenderingGame.cpp" />
  </ItemGroup>
  <ItemGroup>
    <None Include="Content\Shader.frag">
      <Filter>Content</Filter>
    </None>
    <None Include="Content\Shader.vert">
      <Filter>Content</Filter>
    </None>
    <None Include="Content\GaussianBlur.frag">
      <Filter>Content</Filter>
    </None>
    <None Include="Content\GaussianBlur.vert">
      <Filter>Content</Filter>
    </None>
    <None Include="Content\ScreenShader.frag">
      <Filter>Content</Filter>
    </None>
    <None Include="Content\ScreenShader.vert">
      <Filter>Content</Filter>
    </None>
    <None Include="Content\Skybox.vert">
      <Filter>Content</Filter>
    </None>
    <None Include="Content\Skybox.frag">
      <Filter>Content</Filter>
    </None>
  </ItemGroup>
  <ItemGroup>
    <Filter Include="Content">
      <UniqueIdentifier>{4022fd64-0416-47d3-bf10-631fa869a0fc}</UniqueIdentifier>
    </Filter>
    <Filter Include="Content\Models">
      <UniqueIdentifier>{d83eb5bb-47e3-4589-a0d5-4c10f397b056}</UniqueIdentifier>
    </Filter>
    <Filter Include="Content\Textures">
      <UniqueIdentifier>{60e588de-43e1-4bc9-aad8-c6c40376586a}</UniqueIdentifier>
    </Filter>
  </ItemGroup>
  <ItemGroup>
    <ClInclude Include="RenderingGame.h" />
  </ItemGroup>
  <ItemGroup>
    <Image Include="Content\Textures\Cube.png">
      <Filter>Content\Textures</Filter>
    </Image>
    <Image Include="Content\Textures\fountainBaseColor.png">
      <Filter>Content\Textures</Filter>
    </Image>
    <Image Include="Content\Textures\fountainNormal.png">
      <Filter>Content\Textures</Filter>
    </Image>
  </ItemGroup>
</Project>