<?xml version="1.0" encoding="utf-8"?>
<Project ToolsVersion="4.0" xmlns="http://schemas.microsoft.com/developer/msbuild/2003">
  <ItemGroup>
    <None Include="Content\Shaders\BasicEffect.frag">
      <Filter>Content\Shaders</Filter>
    </None>
    <None Include="Content\Shaders\BasicEffect.vert">
      <Filter>Content\Shaders</Filter>
    </None>
  </ItemGroup>
  <ItemGroup>
    <Filter Include="Content">
      <UniqueIdentifier>{4022fd64-0416-47d3-bf10-631fa869a0fc}</UniqueIdentifier>
    </Filter>
    <Filter Include="Content\Models">
      <UniqueIdentifier>{d83eb5bb-47e3-4589-a0d5-4c10f397b056}</UniqueIdentifier>
    </Filter>
    <Filter Include="Content\Textures">
      <UniqueIdentifier>{60e588de-43e1-4bc9-aad8-c6c40376586a}</UniqueIdentifier>
    </Filter>
    <Filter Include="Content\Shaders">
      <UniqueIdentifier>{d410e0c6-7bcb-4263-bac3-9083873dd2bb}</UniqueIdentifier>
    </Filter>
  </ItemGroup>
  <ItemGroup>
    <Image Include="Content\Textures\Cube.png">
      <Filter>Content\Textures</Filter>
    </Image>
  </ItemGroup>
</Project>